
Microsoft Visual Studio Solution File, Format Version 12.00
# Visual Studio Version 17
VisualStudioVersion = 17.7.34031.279
MinimumVisualStudioVersion = 10.0.40219.1
Project("{FAE04EC0-301F-11D3-BF4B-00C04F79EFBC}") = "Assignment AD", "Assignment AD.csproj", "{2B3060B4-6BD2-4720-A64B-ED11A16948CA}"
EndProject
Global
	GlobalSection(SolutionConfigurationPlatforms) = preSolution
		Debug|Any CPU = Debug|Any CPU
		Release|Any CPU = Release|Any CPU
	EndGlobalSection
	GlobalSection(ProjectConfigurationPlatforms) = postSolution
		{2B3060B4-6BD2-4720-A64B-ED11A16948CA}.Debug|Any CPU.ActiveCfg = Debug|Any CPU
		{2B3060B4-6BD2-4720-A64B-ED11A16948CA}.Debug|Any CPU.Build.0 = Debug|Any CPU
		{2B3060B4-6BD2-4720-A64B-ED11A16948CA}.Release|Any CPU.ActiveCfg = Release|Any CPU
		{2B3060B4-6BD2-4720-A64B-ED11A16948CA}.Release|Any CPU.Build.0 = Release|Any CPU
	EndGlobalSection
	GlobalSection(SolutionProperties) = preSolution
		HideSolutionNode = FALSE
	EndGlobalSection
	GlobalSection(ExtensibilityGlobals) = postSolution
		SolutionGuid = {51F386BC-A6C6-465F-BFED-61F976C9AE17}
	EndGlobalSection
EndGlobal
